
Microsoft Visual Studio Solution File, Format Version 12.00
# Visual Studio Version 17
VisualStudioVersion = 17.11.35208.52
MinimumVisualStudioVersion = 10.0.40219.1
Project("{9A19103F-16F7-4668-BE54-9A1E7A4F7556}") = "Programming language tutorial", "Programming language tutorial.csproj", "{475DF885-DB4A-4B75-AB0C-B617CAF3C793}"
EndProject
Global
	GlobalSection(SolutionConfigurationPlatforms) = preSolution
		Debug|Any CPU = Debug|Any CPU
		Release|Any CPU = Release|Any CPU
	EndGlobalSection
	GlobalSection(ProjectConfigurationPlatforms) = postSolution
		{475DF885-DB4A-4B75-AB0C-B617CAF3C793}.Debug|Any CPU.ActiveCfg = Debug|Any CPU
		{475DF885-DB4A-4B75-AB0C-B617CAF3C793}.Debug|Any CPU.Build.0 = Debug|Any CPU
		{475DF885-DB4A-4B75-AB0C-B617CAF3C793}.Release|Any CPU.ActiveCfg = Release|Any CPU
		{475DF885-DB4A-4B75-AB0C-B617CAF3C793}.Release|Any CPU.Build.0 = Release|Any CPU
	EndGlobalSection
	GlobalSection(SolutionProperties) = preSolution
		HideSolutionNode = FALSE
	EndGlobalSection
	GlobalSection(ExtensibilityGlobals) = postSolution
		SolutionGuid = {0C88A95B-3726-4865-8DA5-05EE02A85916}
	EndGlobalSection
EndGlobal
